// !$*UTF8*$!
{
	archiveVersion = 1;
	classes = {
	};
	objectVersion = 46;
	objects = {

/* Begin PBXBuildFile section */
		F81E34031C60454300D6C5ED /* main.swift in Sources */ = {isa = PBXBuildFile; fileRef = F81E34021C60454300D6C5ED /* main.swift */; };
		F81E340E1C60455800D6C5ED /* ProfdataToCoberturaTests.swift in Sources */ = {isa = PBXBuildFile; fileRef = F81E340D1C60455800D6C5ED /* ProfdataToCoberturaTests.swift */; };
		F81E34181C60457A00D6C5ED /* ClassCoverage.swift in Sources */ = {isa = PBXBuildFile; fileRef = F81E34131C60457A00D6C5ED /* ClassCoverage.swift */; };
		F81E34191C60457A00D6C5ED /* PackageCoverage.swift in Sources */ = {isa = PBXBuildFile; fileRef = F81E34141C60457A00D6C5ED /* PackageCoverage.swift */; };
		F81E341A1C60457A00D6C5ED /* ProfdataToCobertura.swift in Sources */ = {isa = PBXBuildFile; fileRef = F81E34151C60457A00D6C5ED /* ProfdataToCobertura.swift */; };
		F81E341B1C60457A00D6C5ED /* SummaryCoverage.swift in Sources */ = {isa = PBXBuildFile; fileRef = F81E34161C60457A00D6C5ED /* SummaryCoverage.swift */; };
		F81E34251C60458900D6C5ED /* FileCoverageTests.swift in Sources */ = {isa = PBXBuildFile; fileRef = F81E34231C60458900D6C5ED /* FileCoverageTests.swift */; };
		F81E34261C60458900D6C5ED /* PackageCoverageTests.swift in Sources */ = {isa = PBXBuildFile; fileRef = F81E34241C60458900D6C5ED /* PackageCoverageTests.swift */; };
		F81E34271C6045F300D6C5ED /* ClassCoverage.swift in Sources */ = {isa = PBXBuildFile; fileRef = F81E34131C60457A00D6C5ED /* ClassCoverage.swift */; };
		F81E34281C6045F300D6C5ED /* main.swift in Sources */ = {isa = PBXBuildFile; fileRef = F81E34021C60454300D6C5ED /* main.swift */; };
		F81E34291C6045F300D6C5ED /* PackageCoverage.swift in Sources */ = {isa = PBXBuildFile; fileRef = F81E34141C60457A00D6C5ED /* PackageCoverage.swift */; };
		F81E342A1C6045F300D6C5ED /* SummaryCoverage.swift in Sources */ = {isa = PBXBuildFile; fileRef = F81E34161C60457A00D6C5ED /* SummaryCoverage.swift */; };
		F81E342C1C6045F300D6C5ED /* ProfdataToCobertura.swift in Sources */ = {isa = PBXBuildFile; fileRef = F81E34151C60457A00D6C5ED /* ProfdataToCobertura.swift */; };
		F89030F71C60464B003CE5EE /* XMLExtensions.swift in Sources */ = {isa = PBXBuildFile; fileRef = F89030F61C60464B003CE5EE /* XMLExtensions.swift */; };
		F89030F81C604651003CE5EE /* XMLExtensions.swift in Sources */ = {isa = PBXBuildFile; fileRef = F89030F61C60464B003CE5EE /* XMLExtensions.swift */; };
/* End PBXBuildFile section */

/* Begin PBXCopyFilesBuildPhase section */
		F81E33FE1C60454300D6C5ED /* CopyFiles */ = {
			isa = PBXCopyFilesBuildPhase;
			buildActionMask = 2147483647;
			dstPath = /usr/share/man/man1/;
			dstSubfolderSpec = 0;
			files = (
			);
			runOnlyForDeploymentPostprocessing = 1;
		};
/* End PBXCopyFilesBuildPhase section */

/* Begin PBXFileReference section */
		F81E34001C60454300D6C5ED /* ProfdataToCobertura */ = {isa = PBXFileReference; explicitFileType = "compiled.mach-o.executable"; includeInIndex = 0; path = ProfdataToCobertura; sourceTree = BUILT_PRODUCTS_DIR; };
		F81E34021C60454300D6C5ED /* main.swift */ = {isa = PBXFileReference; lastKnownFileType = sourcecode.swift; path = main.swift; sourceTree = "<group>"; };
		F81E340B1C60455800D6C5ED /* ProfdataToCoberturaTests.xctest */ = {isa = PBXFileReference; explicitFileType = wrapper.cfbundle; includeInIndex = 0; path = ProfdataToCoberturaTests.xctest; sourceTree = BUILT_PRODUCTS_DIR; };
		F81E340D1C60455800D6C5ED /* ProfdataToCoberturaTests.swift */ = {isa = PBXFileReference; lastKnownFileType = sourcecode.swift; path = ProfdataToCoberturaTests.swift; sourceTree = "<group>"; };
		F81E340F1C60455800D6C5ED /* Info.plist */ = {isa = PBXFileReference; lastKnownFileType = text.plist.xml; path = Info.plist; sourceTree = "<group>"; };
		F81E34131C60457A00D6C5ED /* ClassCoverage.swift */ = {isa = PBXFileReference; fileEncoding = 4; lastKnownFileType = sourcecode.swift; path = ClassCoverage.swift; sourceTree = "<group>"; };
		F81E34141C60457A00D6C5ED /* PackageCoverage.swift */ = {isa = PBXFileReference; fileEncoding = 4; lastKnownFileType = sourcecode.swift; path = PackageCoverage.swift; sourceTree = "<group>"; };
		F81E34151C60457A00D6C5ED /* ProfdataToCobertura.swift */ = {isa = PBXFileReference; fileEncoding = 4; lastKnownFileType = sourcecode.swift; path = ProfdataToCobertura.swift; sourceTree = "<group>"; };
		F81E34161C60457A00D6C5ED /* SummaryCoverage.swift */ = {isa = PBXFileReference; fileEncoding = 4; lastKnownFileType = sourcecode.swift; path = SummaryCoverage.swift; sourceTree = "<group>"; };
		F81E34231C60458900D6C5ED /* FileCoverageTests.swift */ = {isa = PBXFileReference; fileEncoding = 4; lastKnownFileType = sourcecode.swift; path = FileCoverageTests.swift; sourceTree = "<group>"; };
		F81E34241C60458900D6C5ED /* PackageCoverageTests.swift */ = {isa = PBXFileReference; fileEncoding = 4; lastKnownFileType = sourcecode.swift; path = PackageCoverageTests.swift; sourceTree = "<group>"; };
		F89030F61C60464B003CE5EE /* XMLExtensions.swift */ = {isa = PBXFileReference; fileEncoding = 4; lastKnownFileType = sourcecode.swift; name = XMLExtensions.swift; path = XcodebuildUtilties/XMLExtensions.swift; sourceTree = SOURCE_ROOT; };
/* End PBXFileReference section */

/* Begin PBXFrameworksBuildPhase section */
		F81E33FD1C60454300D6C5ED /* Frameworks */ = {
			isa = PBXFrameworksBuildPhase;
			buildActionMask = 2147483647;
			files = (
			);
			runOnlyForDeploymentPostprocessing = 0;
		};
		F81E34081C60455700D6C5ED /* Frameworks */ = {
			isa = PBXFrameworksBuildPhase;
			buildActionMask = 2147483647;
			files = (
			);
			runOnlyForDeploymentPostprocessing = 0;
		};
/* End PBXFrameworksBuildPhase section */

/* Begin PBXGroup section */
		F81E33E91C60450700D6C5ED = {
			isa = PBXGroup;
			children = (
				F81E342D1C6045FD00D6C5ED /* XcodebuildUtiltiesShared */,
				F81E34011C60454300D6C5ED /* ProfdataToCobertura */,
				F81E340C1C60455800D6C5ED /* ProfdataToCoberturaTests */,
				F81E33F31C60450700D6C5ED /* Products */,
			);
			sourceTree = "<group>";
		};
		F81E33F31C60450700D6C5ED /* Products */ = {
			isa = PBXGroup;
			children = (
				F81E34001C60454300D6C5ED /* ProfdataToCobertura */,
				F81E340B1C60455800D6C5ED /* ProfdataToCoberturaTests.xctest */,
			);
			name = Products;
			sourceTree = "<group>";
		};
		F81E34011C60454300D6C5ED /* ProfdataToCobertura */ = {
			isa = PBXGroup;
			children = (
				F81E34131C60457A00D6C5ED /* ClassCoverage.swift */,
				F81E34141C60457A00D6C5ED /* PackageCoverage.swift */,
				F81E34151C60457A00D6C5ED /* ProfdataToCobertura.swift */,
				F81E34161C60457A00D6C5ED /* SummaryCoverage.swift */,
				F81E34021C60454300D6C5ED /* main.swift */,
			);
			path = ProfdataToCobertura;
			sourceTree = "<group>";
		};
		F81E340C1C60455800D6C5ED /* ProfdataToCoberturaTests */ = {
			isa = PBXGroup;
			children = (
				F81E34231C60458900D6C5ED /* FileCoverageTests.swift */,
				F81E34241C60458900D6C5ED /* PackageCoverageTests.swift */,
				F81E340D1C60455800D6C5ED /* ProfdataToCoberturaTests.swift */,
				F81E340F1C60455800D6C5ED /* Info.plist */,
			);
			path = ProfdataToCoberturaTests;
			sourceTree = "<group>";
		};
		F81E342D1C6045FD00D6C5ED /* XcodebuildUtiltiesShared */ = {
			isa = PBXGroup;
			children = (
				F89030F61C60464B003CE5EE /* XMLExtensions.swift */,
			);
			path = XcodebuildUtiltiesShared;
			sourceTree = "<group>";
		};
/* End PBXGroup section */

/* Begin PBXNativeTarget section */
		F81E33FF1C60454300D6C5ED /* ProfdataToCobertura */ = {
			isa = PBXNativeTarget;
			buildConfigurationList = F81E34041C60454300D6C5ED /* Build configuration list for PBXNativeTarget "ProfdataToCobertura" */;
			buildPhases = (
				F81E33FC1C60454300D6C5ED /* Sources */,
				F81E33FD1C60454300D6C5ED /* Frameworks */,
				F81E33FE1C60454300D6C5ED /* CopyFiles */,
			);
			buildRules = (
			);
			dependencies = (
			);
			name = ProfdataToCobertura;
			productName = ProfdataToCobertura;
			productReference = F81E34001C60454300D6C5ED /* ProfdataToCobertura */;
			productType = "com.apple.product-type.tool";
		};
		F81E340A1C60455700D6C5ED /* ProfdataToCoberturaTests */ = {
			isa = PBXNativeTarget;
			buildConfigurationList = F81E34101C60455800D6C5ED /* Build configuration list for PBXNativeTarget "ProfdataToCoberturaTests" */;
			buildPhases = (
				F81E34071C60455700D6C5ED /* Sources */,
				F81E34081C60455700D6C5ED /* Frameworks */,
				F81E34091C60455700D6C5ED /* Resources */,
			);
			buildRules = (
			);
			dependencies = (
			);
			name = ProfdataToCoberturaTests;
			productName = ProfdataToCoberturaTests;
			productReference = F81E340B1C60455800D6C5ED /* ProfdataToCoberturaTests.xctest */;
			productType = "com.apple.product-type.bundle.unit-test";
		};
/* End PBXNativeTarget section */

/* Begin PBXProject section */
		F81E33EA1C60450700D6C5ED /* Project object */ = {
			isa = PBXProject;
			attributes = {
				LastSwiftUpdateCheck = 0720;
				LastUpgradeCheck = 0720;
				ORGANIZATIONNAME = "Ivy Gulch";
				TargetAttributes = {
					F81E33FF1C60454300D6C5ED = {
						CreatedOnToolsVersion = 7.2;
					};
					F81E340A1C60455700D6C5ED = {
						CreatedOnToolsVersion = 7.2;
					};
				};
			};
			buildConfigurationList = F81E33ED1C60450700D6C5ED /* Build configuration list for PBXProject "XcodebuildUtilties" */;
			compatibilityVersion = "Xcode 3.2";
			developmentRegion = English;
			hasScannedForEncodings = 0;
			knownRegions = (
				en,
			);
			mainGroup = F81E33E91C60450700D6C5ED;
			productRefGroup = F81E33F31C60450700D6C5ED /* Products */;
			projectDirPath = "";
			projectRoot = "";
			targets = (
				F81E33FF1C60454300D6C5ED /* ProfdataToCobertura */,
				F81E340A1C60455700D6C5ED /* ProfdataToCoberturaTests */,
			);
		};
/* End PBXProject section */

/* Begin PBXResourcesBuildPhase section */
		F81E34091C60455700D6C5ED /* Resources */ = {
			isa = PBXResourcesBuildPhase;
			buildActionMask = 2147483647;
			files = (
			);
			runOnlyForDeploymentPostprocessing = 0;
		};
/* End PBXResourcesBuildPhase section */

/* Begin PBXSourcesBuildPhase section */
		F81E33FC1C60454300D6C5ED /* Sources */ = {
			isa = PBXSourcesBuildPhase;
			buildActionMask = 2147483647;
			files = (
				F81E34191C60457A00D6C5ED /* PackageCoverage.swift in Sources */,
				F89030F71C60464B003CE5EE /* XMLExtensions.swift in Sources */,
				F81E34181C60457A00D6C5ED /* ClassCoverage.swift in Sources */,
				F81E34031C60454300D6C5ED /* main.swift in Sources */,
				F81E341A1C60457A00D6C5ED /* ProfdataToCobertura.swift in Sources */,
				F81E341B1C60457A00D6C5ED /* SummaryCoverage.swift in Sources */,
			);
			runOnlyForDeploymentPostprocessing = 0;
		};
		F81E34071C60455700D6C5ED /* Sources */ = {
			isa = PBXSourcesBuildPhase;
			buildActionMask = 2147483647;
			files = (
				F81E34291C6045F300D6C5ED /* PackageCoverage.swift in Sources */,
				F89030F81C604651003CE5EE /* XMLExtensions.swift in Sources */,
				F81E34271C6045F300D6C5ED /* ClassCoverage.swift in Sources */,
				F81E342A1C6045F300D6C5ED /* SummaryCoverage.swift in Sources */,
				F81E34281C6045F300D6C5ED /* main.swift in Sources */,
				F81E34251C60458900D6C5ED /* FileCoverageTests.swift in Sources */,
				F81E34261C60458900D6C5ED /* PackageCoverageTests.swift in Sources */,
				F81E340E1C60455800D6C5ED /* ProfdataToCoberturaTests.swift in Sources */,
				F81E342C1C6045F300D6C5ED /* ProfdataToCobertura.swift in Sources */,
			);
			runOnlyForDeploymentPostprocessing = 0;
		};
/* End PBXSourcesBuildPhase section */

/* Begin XCBuildConfiguration section */
		F81E33F71C60450700D6C5ED /* Debug */ = {
			isa = XCBuildConfiguration;
			buildSettings = {
				ALWAYS_SEARCH_USER_PATHS = NO;
				CLANG_CXX_LANGUAGE_STANDARD = "gnu++0x";
				CLANG_CXX_LIBRARY = "libc++";
				CLANG_ENABLE_MODULES = YES;
				CLANG_ENABLE_OBJC_ARC = YES;
				CLANG_WARN_BOOL_CONVERSION = YES;
				CLANG_WARN_CONSTANT_CONVERSION = YES;
				CLANG_WARN_DIRECT_OBJC_ISA_USAGE = YES_ERROR;
				CLANG_WARN_EMPTY_BODY = YES;
				CLANG_WARN_ENUM_CONVERSION = YES;
				CLANG_WARN_INT_CONVERSION = YES;
				CLANG_WARN_OBJC_ROOT_CLASS = YES_ERROR;
				CLANG_WARN_UNREACHABLE_CODE = YES;
				CLANG_WARN__DUPLICATE_METHOD_MATCH = YES;
				CODE_SIGN_IDENTITY = "-";
				COPY_PHASE_STRIP = NO;
				DEBUG_INFORMATION_FORMAT = dwarf;
				ENABLE_STRICT_OBJC_MSGSEND = YES;
				ENABLE_TESTABILITY = YES;
				GCC_C_LANGUAGE_STANDARD = gnu99;
				GCC_DYNAMIC_NO_PIC = NO;
				GCC_NO_COMMON_BLOCKS = YES;
				GCC_OPTIMIZATION_LEVEL = 0;
				GCC_PREPROCESSOR_DEFINITIONS = (
					"DEBUG=1",
					"$(inherited)",
				);
				GCC_WARN_64_TO_32_BIT_CONVERSION = YES;
				GCC_WARN_ABOUT_RETURN_TYPE = YES_ERROR;
				GCC_WARN_UNDECLARED_SELECTOR = YES;
				GCC_WARN_UNINITIALIZED_AUTOS = YES_AGGRESSIVE;
				GCC_WARN_UNUSED_FUNCTION = YES;
				GCC_WARN_UNUSED_VARIABLE = YES;
				MACOSX_DEPLOYMENT_TARGET = 10.11;
				MTL_ENABLE_DEBUG_INFO = YES;
				ONLY_ACTIVE_ARCH = YES;
				SDKROOT = macosx;
				SWIFT_OPTIMIZATION_LEVEL = "-Onone";
			};
			name = Debug;
		};
		F81E33F81C60450700D6C5ED /* Release */ = {
			isa = XCBuildConfiguration;
			buildSettings = {
				ALWAYS_SEARCH_USER_PATHS = NO;
				CLANG_CXX_LANGUAGE_STANDARD = "gnu++0x";
				CLANG_CXX_LIBRARY = "libc++";
				CLANG_ENABLE_MODULES = YES;
				CLANG_ENABLE_OBJC_ARC = YES;
				CLANG_WARN_BOOL_CONVERSION = YES;
				CLANG_WARN_CONSTANT_CONVERSION = YES;
				CLANG_WARN_DIRECT_OBJC_ISA_USAGE = YES_ERROR;
				CLANG_WARN_EMPTY_BODY = YES;
				CLANG_WARN_ENUM_CONVERSION = YES;
				CLANG_WARN_INT_CONVERSION = YES;
				CLANG_WARN_OBJC_ROOT_CLASS = YES_ERROR;
				CLANG_WARN_UNREACHABLE_CODE = YES;
				CLANG_WARN__DUPLICATE_METHOD_MATCH = YES;
				CODE_SIGN_IDENTITY = "-";
				COPY_PHASE_STRIP = NO;
				DEBUG_INFORMATION_FORMAT = "dwarf-with-dsym";
				ENABLE_NS_ASSERTIONS = NO;
				ENABLE_STRICT_OBJC_MSGSEND = YES;
				GCC_C_LANGUAGE_STANDARD = gnu99;
				GCC_NO_COMMON_BLOCKS = YES;
				GCC_WARN_64_TO_32_BIT_CONVERSION = YES;
				GCC_WARN_ABOUT_RETURN_TYPE = YES_ERROR;
				GCC_WARN_UNDECLARED_SELECTOR = YES;
				GCC_WARN_UNINITIALIZED_AUTOS = YES_AGGRESSIVE;
				GCC_WARN_UNUSED_FUNCTION = YES;
				GCC_WARN_UNUSED_VARIABLE = YES;
				MACOSX_DEPLOYMENT_TARGET = 10.11;
				MTL_ENABLE_DEBUG_INFO = NO;
				SDKROOT = macosx;
			};
			name = Release;
		};
		F81E34051C60454300D6C5ED /* Debug */ = {
			isa = XCBuildConfiguration;
			buildSettings = {
				PRODUCT_NAME = "$(TARGET_NAME)";
			};
			name = Debug;
		};
		F81E34061C60454300D6C5ED /* Release */ = {
			isa = XCBuildConfiguration;
			buildSettings = {
				PRODUCT_NAME = "$(TARGET_NAME)";
			};
			name = Release;
		};
		F81E34111C60455800D6C5ED /* Debug */ = {
			isa = XCBuildConfiguration;
			buildSettings = {
				COMBINE_HIDPI_IMAGES = YES;
				INFOPLIST_FILE = ProfdataToCoberturaTests/Info.plist;
				LD_RUNPATH_SEARCH_PATHS = "$(inherited) @executable_path/../Frameworks @loader_path/../Frameworks";
				PRODUCT_BUNDLE_IDENTIFIER = com.ivygulch.ProfdataToCoberturaTests;
				PRODUCT_NAME = "$(TARGET_NAME)";
			};
			name = Debug;
		};
		F81E34121C60455800D6C5ED /* Release */ = {
			isa = XCBuildConfiguration;
			buildSettings = {
				COMBINE_HIDPI_IMAGES = YES;
				INFOPLIST_FILE = ProfdataToCoberturaTests/Info.plist;
				LD_RUNPATH_SEARCH_PATHS = "$(inherited) @executable_path/../Frameworks @loader_path/../Frameworks";
				PRODUCT_BUNDLE_IDENTIFIER = com.ivygulch.ProfdataToCoberturaTests;
				PRODUCT_NAME = "$(TARGET_NAME)";
			};
			name = Release;
		};
/* End XCBuildConfiguration section */

/* Begin XCConfigurationList section */
		F81E33ED1C60450700D6C5ED /* Build configuration list for PBXProject "XcodebuildUtilties" */ = {
			isa = XCConfigurationList;
			buildConfigurations = (
				F81E33F71C60450700D6C5ED /* Debug */,
				F81E33F81C60450700D6C5ED /* Release */,
			);
			defaultConfigurationIsVisible = 0;
			defaultConfigurationName = Release;
		};
		F81E34041C60454300D6C5ED /* Build configuration list for PBXNativeTarget "ProfdataToCobertura" */ = {
			isa = XCConfigurationList;
			buildConfigurations = (
				F81E34051C60454300D6C5ED /* Debug */,
				F81E34061C60454300D6C5ED /* Release */,
			);
			defaultConfigurationIsVisible = 0;
			defaultConfigurationName = Release;
		};
		F81E34101C60455800D6C5ED /* Build configuration list for PBXNativeTarget "ProfdataToCoberturaTests" */ = {
			isa = XCConfigurationList;
			buildConfigurations = (
				F81E34111C60455800D6C5ED /* Debug */,
				F81E34121C60455800D6C5ED /* Release */,
			);
			defaultConfigurationIsVisible = 0;
			defaultConfigurationName = Release;
		};
/* End XCConfigurationList section */
	};
	rootObject = F81E33EA1C60450700D6C5ED /* Project object */;
}
